
Microsoft Visual Studio Solution File, Format Version 12.00
# Visual Studio Version 17
VisualStudioVersion = 17.0.31903.59
MinimumVisualStudioVersion = 10.0.40219.1
Project("{9A19103F-16F7-4668-BE54-9A1E7A4F7556}") = "interviewer", "interviewer\interviewer.csproj", "{154F71CB-126D-41FD-8BBA-C7EB44D13015}"
EndProject
Global
	GlobalSection(SolutionConfigurationPlatforms) = preSolution
		Debug|Any CPU = Debug|Any CPU
		Release|Any CPU = Release|Any CPU
		RomoteSQLDebug|Any CPU = RomoteSQLDebug|Any CPU
	EndGlobalSection
	GlobalSection(ProjectConfigurationPlatforms) = postSolution
		{154F71CB-126D-41FD-8BBA-C7EB44D13015}.Debug|Any CPU.ActiveCfg = Debug|Any CPU
		{154F71CB-126D-41FD-8BBA-C7EB44D13015}.Debug|Any CPU.Build.0 = Debug|Any CPU
		{154F71CB-126D-41FD-8BBA-C7EB44D13015}.Release|Any CPU.ActiveCfg = Release|Any CPU
		{154F71CB-126D-41FD-8BBA-C7EB44D13015}.Release|Any CPU.Build.0 = Release|Any CPU
		{154F71CB-126D-41FD-8BBA-C7EB44D13015}.RomoteSQLDebug|Any CPU.ActiveCfg = [RomoteSQL]Debug|Any CPU
		{154F71CB-126D-41FD-8BBA-C7EB44D13015}.RomoteSQLDebug|Any CPU.Build.0 = [RomoteSQL]Debug|Any CPU
	EndGlobalSection
	GlobalSection(SolutionProperties) = preSolution
		HideSolutionNode = FALSE
	EndGlobalSection
	GlobalSection(ExtensibilityGlobals) = postSolution
		SolutionGuid = {F1FEADC4-3933-40D9-A535-59B203DD8131}
	EndGlobalSection
EndGlobal
